// !$*UTF8*$!
{
	archiveVersion = 1;
	classes = {
	};
	objectVersion = 50;
	objects = {

/* Begin PBXBuildFile section */
		1B777CC7234A1DDB00A9A0F6 /* MainTabView.swift in Sources */ = {isa = PBXBuildFile; fileRef = 1B777CC6234A1DDB00A9A0F6 /* MainTabView.swift */; };
		1B777CCC234A20D800A9A0F6 /* TaskListView.swift in Sources */ = {isa = PBXBuildFile; fileRef = 1B777CCB234A20D800A9A0F6 /* TaskListView.swift */; };
		1B777CCE234A216400A9A0F6 /* AppState.swift in Sources */ = {isa = PBXBuildFile; fileRef = 1B777CCD234A216400A9A0F6 /* AppState.swift */; };
		1B777CD3234A252500A9A0F6 /* Action.swift in Sources */ = {isa = PBXBuildFile; fileRef = 1B777CD2234A252500A9A0F6 /* Action.swift */; };
		1B777CD5234A252F00A9A0F6 /* Reducer.swift in Sources */ = {isa = PBXBuildFile; fileRef = 1B777CD4234A252F00A9A0F6 /* Reducer.swift */; };
		1B777CD7234A254500A9A0F6 /* State.swift in Sources */ = {isa = PBXBuildFile; fileRef = 1B777CD6234A254500A9A0F6 /* State.swift */; };
		1B777CDA234A28F600A9A0F6 /* TaskAction.swift in Sources */ = {isa = PBXBuildFile; fileRef = 1B777CD9234A28F600A9A0F6 /* TaskAction.swift */; };
		1B777CDC234A290F00A9A0F6 /* TaskStateReducer.swift in Sources */ = {isa = PBXBuildFile; fileRef = 1B777CDB234A290F00A9A0F6 /* TaskStateReducer.swift */; };
		1B777CDE234A291600A9A0F6 /* TaskState.swift in Sources */ = {isa = PBXBuildFile; fileRef = 1B777CDD234A291600A9A0F6 /* TaskState.swift */; };
		1B777CE0234A303A00A9A0F6 /* Task.swift in Sources */ = {isa = PBXBuildFile; fileRef = 1B777CDF234A303A00A9A0F6 /* Task.swift */; };
		1B777CE3234A381200A9A0F6 /* TaskRow.swift in Sources */ = {isa = PBXBuildFile; fileRef = 1B777CE2234A381200A9A0F6 /* TaskRow.swift */; };
		1BDD876E2339020800F1265A /* AppDelegate.swift in Sources */ = {isa = PBXBuildFile; fileRef = 1BDD876D2339020800F1265A /* AppDelegate.swift */; };
		1BDD87702339020800F1265A /* SceneDelegate.swift in Sources */ = {isa = PBXBuildFile; fileRef = 1BDD876F2339020800F1265A /* SceneDelegate.swift */; };
		1BDD87742339020900F1265A /* Assets.xcassets in Resources */ = {isa = PBXBuildFile; fileRef = 1BDD87732339020900F1265A /* Assets.xcassets */; };
		1BDD87772339020900F1265A /* Preview Assets.xcassets in Resources */ = {isa = PBXBuildFile; fileRef = 1BDD87762339020900F1265A /* Preview Assets.xcassets */; };
		1BDD877A2339020900F1265A /* LaunchScreen.storyboard in Resources */ = {isa = PBXBuildFile; fileRef = 1BDD87782339020900F1265A /* LaunchScreen.storyboard */; };
		1BDD87852339020900F1265A /* ProjectXTests.swift in Sources */ = {isa = PBXBuildFile; fileRef = 1BDD87842339020900F1265A /* ProjectXTests.swift */; };
		1BDD87902339020900F1265A /* ProjectXUITests.swift in Sources */ = {isa = PBXBuildFile; fileRef = 1BDD878F2339020900F1265A /* ProjectXUITests.swift */; };
/* End PBXBuildFile section */

/* Begin PBXContainerItemProxy section */
		1BDD87812339020900F1265A /* PBXContainerItemProxy */ = {
			isa = PBXContainerItemProxy;
			containerPortal = 1BDD87622339020800F1265A /* Project object */;
			proxyType = 1;
			remoteGlobalIDString = 1BDD87692339020800F1265A;
			remoteInfo = ProjectX;
		};
		1BDD878C2339020900F1265A /* PBXContainerItemProxy */ = {
			isa = PBXContainerItemProxy;
			containerPortal = 1BDD87622339020800F1265A /* Project object */;
			proxyType = 1;
			remoteGlobalIDString = 1BDD87692339020800F1265A;
			remoteInfo = ProjectX;
		};
/* End PBXContainerItemProxy section */

/* Begin PBXFileReference section */
		1B777CC6234A1DDB00A9A0F6 /* MainTabView.swift */ = {isa = PBXFileReference; lastKnownFileType = sourcecode.swift; path = MainTabView.swift; sourceTree = "<group>"; };
		1B777CCB234A20D800A9A0F6 /* TaskListView.swift */ = {isa = PBXFileReference; lastKnownFileType = sourcecode.swift; path = TaskListView.swift; sourceTree = "<group>"; };
		1B777CCD234A216400A9A0F6 /* AppState.swift */ = {isa = PBXFileReference; lastKnownFileType = sourcecode.swift; path = AppState.swift; sourceTree = "<group>"; };
		1B777CD2234A252500A9A0F6 /* Action.swift */ = {isa = PBXFileReference; lastKnownFileType = sourcecode.swift; path = Action.swift; sourceTree = "<group>"; };
		1B777CD4234A252F00A9A0F6 /* Reducer.swift */ = {isa = PBXFileReference; lastKnownFileType = sourcecode.swift; path = Reducer.swift; sourceTree = "<group>"; };
		1B777CD6234A254500A9A0F6 /* State.swift */ = {isa = PBXFileReference; lastKnownFileType = sourcecode.swift; path = State.swift; sourceTree = "<group>"; };
		1B777CD9234A28F600A9A0F6 /* TaskAction.swift */ = {isa = PBXFileReference; lastKnownFileType = sourcecode.swift; path = TaskAction.swift; sourceTree = "<group>"; };
		1B777CDB234A290F00A9A0F6 /* TaskStateReducer.swift */ = {isa = PBXFileReference; lastKnownFileType = sourcecode.swift; path = TaskStateReducer.swift; sourceTree = "<group>"; };
		1B777CDD234A291600A9A0F6 /* TaskState.swift */ = {isa = PBXFileReference; lastKnownFileType = sourcecode.swift; path = TaskState.swift; sourceTree = "<group>"; };
		1B777CDF234A303A00A9A0F6 /* Task.swift */ = {isa = PBXFileReference; lastKnownFileType = sourcecode.swift; path = Task.swift; sourceTree = "<group>"; };
		1B777CE2234A381200A9A0F6 /* TaskRow.swift */ = {isa = PBXFileReference; lastKnownFileType = sourcecode.swift; path = TaskRow.swift; sourceTree = "<group>"; };
		1BDD876A2339020800F1265A /* ProjectX.app */ = {isa = PBXFileReference; explicitFileType = wrapper.application; includeInIndex = 0; path = ProjectX.app; sourceTree = BUILT_PRODUCTS_DIR; };
		1BDD876D2339020800F1265A /* AppDelegate.swift */ = {isa = PBXFileReference; lastKnownFileType = sourcecode.swift; path = AppDelegate.swift; sourceTree = "<group>"; };
		1BDD876F2339020800F1265A /* SceneDelegate.swift */ = {isa = PBXFileReference; lastKnownFileType = sourcecode.swift; path = SceneDelegate.swift; sourceTree = "<group>"; };
		1BDD87732339020900F1265A /* Assets.xcassets */ = {isa = PBXFileReference; lastKnownFileType = folder.assetcatalog; path = Assets.xcassets; sourceTree = "<group>"; };
		1BDD87762339020900F1265A /* Preview Assets.xcassets */ = {isa = PBXFileReference; lastKnownFileType = folder.assetcatalog; path = "Preview Assets.xcassets"; sourceTree = "<group>"; };
		1BDD87792339020900F1265A /* Base */ = {isa = PBXFileReference; lastKnownFileType = file.storyboard; name = Base; path = Base.lproj/LaunchScreen.storyboard; sourceTree = "<group>"; };
		1BDD877B2339020900F1265A /* Info.plist */ = {isa = PBXFileReference; lastKnownFileType = text.plist.xml; path = Info.plist; sourceTree = "<group>"; };
		1BDD87802339020900F1265A /* ProjectXTests.xctest */ = {isa = PBXFileReference; explicitFileType = wrapper.cfbundle; includeInIndex = 0; path = ProjectXTests.xctest; sourceTree = BUILT_PRODUCTS_DIR; };
		1BDD87842339020900F1265A /* ProjectXTests.swift */ = {isa = PBXFileReference; lastKnownFileType = sourcecode.swift; path = ProjectXTests.swift; sourceTree = "<group>"; };
		1BDD87862339020900F1265A /* Info.plist */ = {isa = PBXFileReference; lastKnownFileType = text.plist.xml; path = Info.plist; sourceTree = "<group>"; };
		1BDD878B2339020900F1265A /* ProjectXUITests.xctest */ = {isa = PBXFileReference; explicitFileType = wrapper.cfbundle; includeInIndex = 0; path = ProjectXUITests.xctest; sourceTree = BUILT_PRODUCTS_DIR; };
		1BDD878F2339020900F1265A /* ProjectXUITests.swift */ = {isa = PBXFileReference; lastKnownFileType = sourcecode.swift; path = ProjectXUITests.swift; sourceTree = "<group>"; };
		1BDD87912339020900F1265A /* Info.plist */ = {isa = PBXFileReference; lastKnownFileType = text.plist.xml; path = Info.plist; sourceTree = "<group>"; };
/* End PBXFileReference section */

/* Begin PBXFrameworksBuildPhase section */
		1BDD87672339020800F1265A /* Frameworks */ = {
			isa = PBXFrameworksBuildPhase;
			buildActionMask = 2147483647;
			files = (
			);
			runOnlyForDeploymentPostprocessing = 0;
		};
		1BDD877D2339020900F1265A /* Frameworks */ = {
			isa = PBXFrameworksBuildPhase;
			buildActionMask = 2147483647;
			files = (
			);
			runOnlyForDeploymentPostprocessing = 0;
		};
		1BDD87882339020900F1265A /* Frameworks */ = {
			isa = PBXFrameworksBuildPhase;
			buildActionMask = 2147483647;
			files = (
			);
			runOnlyForDeploymentPostprocessing = 0;
		};
/* End PBXFrameworksBuildPhase section */

/* Begin PBXGroup section */
		1B777CC2234A1D5600A9A0F6 /* Views */ = {
			isa = PBXGroup;
			children = (
				1B777CCD234A216400A9A0F6 /* AppState.swift */,
				1B777CC6234A1DDB00A9A0F6 /* MainTabView.swift */,
				1B777CC8234A208F00A9A0F6 /* List */,
			);
			path = Views;
			sourceTree = "<group>";
		};
		1B777CC3234A1D5C00A9A0F6 /* Model */ = {
			isa = PBXGroup;
			children = (
				1B777CD8234A279E00A9A0F6 /* Task */,
			);
			path = Model;
			sourceTree = "<group>";
		};
		1B777CC8234A208F00A9A0F6 /* List */ = {
			isa = PBXGroup;
			children = (
				1B777CE1234A380700A9A0F6 /* Rows */,
				1B777CDD234A291600A9A0F6 /* TaskState.swift */,
				1B777CCB234A20D800A9A0F6 /* TaskListView.swift */,
			);
			path = List;
			sourceTree = "<group>";
		};
		1B777CD1234A24EA00A9A0F6 /* Defination */ = {
			isa = PBXGroup;
			children = (
				1B777CD2234A252500A9A0F6 /* Action.swift */,
				1B777CD4234A252F00A9A0F6 /* Reducer.swift */,
				1B777CD6234A254500A9A0F6 /* State.swift */,
			);
			path = Defination;
			sourceTree = "<group>";
		};
		1B777CD8234A279E00A9A0F6 /* Task */ = {
			isa = PBXGroup;
			children = (
				1B777CD9234A28F600A9A0F6 /* TaskAction.swift */,
				1B777CDB234A290F00A9A0F6 /* TaskStateReducer.swift */,
				1B777CDF234A303A00A9A0F6 /* Task.swift */,
			);
			path = Task;
			sourceTree = "<group>";
		};
		1B777CE1234A380700A9A0F6 /* Rows */ = {
			isa = PBXGroup;
			children = (
				1B777CE2234A381200A9A0F6 /* TaskRow.swift */,
			);
			path = Rows;
			sourceTree = "<group>";
		};
		1BDD87612339020800F1265A = {
			isa = PBXGroup;
			children = (
				1BDD876C2339020800F1265A /* ProjectX */,
				1BDD87832339020900F1265A /* ProjectXTests */,
				1BDD878E2339020900F1265A /* ProjectXUITests */,
				1BDD876B2339020800F1265A /* Products */,
			);
			sourceTree = "<group>";
		};
		1BDD876B2339020800F1265A /* Products */ = {
			isa = PBXGroup;
			children = (
				1BDD876A2339020800F1265A /* ProjectX.app */,
				1BDD87802339020900F1265A /* ProjectXTests.xctest */,
				1BDD878B2339020900F1265A /* ProjectXUITests.xctest */,
			);
			name = Products;
			sourceTree = "<group>";
		};
		1BDD876C2339020800F1265A /* ProjectX */ = {
			isa = PBXGroup;
			children = (
				1B777CD1234A24EA00A9A0F6 /* Defination */,
				1B777CC2234A1D5600A9A0F6 /* Views */,
				1B777CC3234A1D5C00A9A0F6 /* Model */,
				1BDD876D2339020800F1265A /* AppDelegate.swift */,
				1BDD876F2339020800F1265A /* SceneDelegate.swift */,
				1BDD87732339020900F1265A /* Assets.xcassets */,
				1BDD87782339020900F1265A /* LaunchScreen.storyboard */,
				1BDD877B2339020900F1265A /* Info.plist */,
				1BDD87752339020900F1265A /* Preview Content */,
			);
			path = ProjectX;
			sourceTree = "<group>";
		};
		1BDD87752339020900F1265A /* Preview Content */ = {
			isa = PBXGroup;
			children = (
				1BDD87762339020900F1265A /* Preview Assets.xcassets */,
			);
			path = "Preview Content";
			sourceTree = "<group>";
		};
		1BDD87832339020900F1265A /* ProjectXTests */ = {
			isa = PBXGroup;
			children = (
				1BDD87842339020900F1265A /* ProjectXTests.swift */,
				1BDD87862339020900F1265A /* Info.plist */,
			);
			path = ProjectXTests;
			sourceTree = "<group>";
		};
		1BDD878E2339020900F1265A /* ProjectXUITests */ = {
			isa = PBXGroup;
			children = (
				1BDD878F2339020900F1265A /* ProjectXUITests.swift */,
				1BDD87912339020900F1265A /* Info.plist */,
			);
			path = ProjectXUITests;
			sourceTree = "<group>";
		};
/* End PBXGroup section */

/* Begin PBXNativeTarget section */
		1BDD87692339020800F1265A /* ProjectX */ = {
			isa = PBXNativeTarget;
			buildConfigurationList = 1BDD87942339020900F1265A /* Build configuration list for PBXNativeTarget "ProjectX" */;
			buildPhases = (
				1BDD87662339020800F1265A /* Sources */,
				1BDD87672339020800F1265A /* Frameworks */,
				1BDD87682339020800F1265A /* Resources */,
			);
			buildRules = (
			);
			dependencies = (
			);
			name = ProjectX;
			productName = ProjectX;
			productReference = 1BDD876A2339020800F1265A /* ProjectX.app */;
			productType = "com.apple.product-type.application";
		};
		1BDD877F2339020900F1265A /* ProjectXTests */ = {
			isa = PBXNativeTarget;
			buildConfigurationList = 1BDD87972339020900F1265A /* Build configuration list for PBXNativeTarget "ProjectXTests" */;
			buildPhases = (
				1BDD877C2339020900F1265A /* Sources */,
				1BDD877D2339020900F1265A /* Frameworks */,
				1BDD877E2339020900F1265A /* Resources */,
			);
			buildRules = (
			);
			dependencies = (
				1BDD87822339020900F1265A /* PBXTargetDependency */,
			);
			name = ProjectXTests;
			productName = ProjectXTests;
			productReference = 1BDD87802339020900F1265A /* ProjectXTests.xctest */;
			productType = "com.apple.product-type.bundle.unit-test";
		};
		1BDD878A2339020900F1265A /* ProjectXUITests */ = {
			isa = PBXNativeTarget;
			buildConfigurationList = 1BDD879A2339020900F1265A /* Build configuration list for PBXNativeTarget "ProjectXUITests" */;
			buildPhases = (
				1BDD87872339020900F1265A /* Sources */,
				1BDD87882339020900F1265A /* Frameworks */,
				1BDD87892339020900F1265A /* Resources */,
			);
			buildRules = (
			);
			dependencies = (
				1BDD878D2339020900F1265A /* PBXTargetDependency */,
			);
			name = ProjectXUITests;
			productName = ProjectXUITests;
			productReference = 1BDD878B2339020900F1265A /* ProjectXUITests.xctest */;
			productType = "com.apple.product-type.bundle.ui-testing";
		};
/* End PBXNativeTarget section */

/* Begin PBXProject section */
		1BDD87622339020800F1265A /* Project object */ = {
			isa = PBXProject;
			attributes = {
				LastSwiftUpdateCheck = 1100;
				LastUpgradeCheck = 1100;
				ORGANIZATIONNAME = Pointwelve;
				TargetAttributes = {
					1BDD87692339020800F1265A = {
						CreatedOnToolsVersion = 11.0;
					};
					1BDD877F2339020900F1265A = {
						CreatedOnToolsVersion = 11.0;
						TestTargetID = 1BDD87692339020800F1265A;
					};
					1BDD878A2339020900F1265A = {
						CreatedOnToolsVersion = 11.0;
						TestTargetID = 1BDD87692339020800F1265A;
					};
				};
			};
			buildConfigurationList = 1BDD87652339020800F1265A /* Build configuration list for PBXProject "ProjectX" */;
			compatibilityVersion = "Xcode 9.3";
			developmentRegion = en;
			hasScannedForEncodings = 0;
			knownRegions = (
				en,
				Base,
			);
			mainGroup = 1BDD87612339020800F1265A;
			productRefGroup = 1BDD876B2339020800F1265A /* Products */;
			projectDirPath = "";
			projectRoot = "";
			targets = (
				1BDD87692339020800F1265A /* ProjectX */,
				1BDD877F2339020900F1265A /* ProjectXTests */,
				1BDD878A2339020900F1265A /* ProjectXUITests */,
			);
		};
/* End PBXProject section */

/* Begin PBXResourcesBuildPhase section */
		1BDD87682339020800F1265A /* Resources */ = {
			isa = PBXResourcesBuildPhase;
			buildActionMask = 2147483647;
			files = (
				1BDD877A2339020900F1265A /* LaunchScreen.storyboard in Resources */,
				1BDD87772339020900F1265A /* Preview Assets.xcassets in Resources */,
				1BDD87742339020900F1265A /* Assets.xcassets in Resources */,
			);
			runOnlyForDeploymentPostprocessing = 0;
		};
		1BDD877E2339020900F1265A /* Resources */ = {
			isa = PBXResourcesBuildPhase;
			buildActionMask = 2147483647;
			files = (
			);
			runOnlyForDeploymentPostprocessing = 0;
		};
		1BDD87892339020900F1265A /* Resources */ = {
			isa = PBXResourcesBuildPhase;
			buildActionMask = 2147483647;
			files = (
			);
			runOnlyForDeploymentPostprocessing = 0;
		};
/* End PBXResourcesBuildPhase section */

/* Begin PBXSourcesBuildPhase section */
		1BDD87662339020800F1265A /* Sources */ = {
			isa = PBXSourcesBuildPhase;
			buildActionMask = 2147483647;
			files = (
				1B777CE3234A381200A9A0F6 /* TaskRow.swift in Sources */,
				1B777CCC234A20D800A9A0F6 /* TaskListView.swift in Sources */,
				1BDD876E2339020800F1265A /* AppDelegate.swift in Sources */,
				1B777CD5234A252F00A9A0F6 /* Reducer.swift in Sources */,
				1BDD87702339020800F1265A /* SceneDelegate.swift in Sources */,
				1B777CCE234A216400A9A0F6 /* AppState.swift in Sources */,
				1B777CDC234A290F00A9A0F6 /* TaskStateReducer.swift in Sources */,
				1B777CD7234A254500A9A0F6 /* State.swift in Sources */,
				1B777CD3234A252500A9A0F6 /* Action.swift in Sources */,
				1B777CDA234A28F600A9A0F6 /* TaskAction.swift in Sources */,
				1B777CE0234A303A00A9A0F6 /* Task.swift in Sources */,
				1B777CDE234A291600A9A0F6 /* TaskState.swift in Sources */,
				1B777CC7234A1DDB00A9A0F6 /* MainTabView.swift in Sources */,
			);
			runOnlyForDeploymentPostprocessing = 0;
		};
		1BDD877C2339020900F1265A /* Sources */ = {
			isa = PBXSourcesBuildPhase;
			buildActionMask = 2147483647;
			files = (
				1BDD87852339020900F1265A /* ProjectXTests.swift in Sources */,
			);
			runOnlyForDeploymentPostprocessing = 0;
		};
		1BDD87872339020900F1265A /* Sources */ = {
			isa = PBXSourcesBuildPhase;
			buildActionMask = 2147483647;
			files = (
				1BDD87902339020900F1265A /* ProjectXUITests.swift in Sources */,
			);
			runOnlyForDeploymentPostprocessing = 0;
		};
/* End PBXSourcesBuildPhase section */

/* Begin PBXTargetDependency section */
		1BDD87822339020900F1265A /* PBXTargetDependency */ = {
			isa = PBXTargetDependency;
			target = 1BDD87692339020800F1265A /* ProjectX */;
			targetProxy = 1BDD87812339020900F1265A /* PBXContainerItemProxy */;
		};
		1BDD878D2339020900F1265A /* PBXTargetDependency */ = {
			isa = PBXTargetDependency;
			target = 1BDD87692339020800F1265A /* ProjectX */;
			targetProxy = 1BDD878C2339020900F1265A /* PBXContainerItemProxy */;
		};
/* End PBXTargetDependency section */

/* Begin PBXVariantGroup section */
		1BDD87782339020900F1265A /* LaunchScreen.storyboard */ = {
			isa = PBXVariantGroup;
			children = (
				1BDD87792339020900F1265A /* Base */,
			);
			name = LaunchScreen.storyboard;
			sourceTree = "<group>";
		};
/* End PBXVariantGroup section */

/* Begin XCBuildConfiguration section */
		1BDD87922339020900F1265A /* Debug */ = {
			isa = XCBuildConfiguration;
			buildSettings = {
				ALWAYS_SEARCH_USER_PATHS = NO;
				CLANG_ANALYZER_NONNULL = YES;
				CLANG_ANALYZER_NUMBER_OBJECT_CONVERSION = YES_AGGRESSIVE;
				CLANG_CXX_LANGUAGE_STANDARD = "gnu++14";
				CLANG_CXX_LIBRARY = "libc++";
				CLANG_ENABLE_MODULES = YES;
				CLANG_ENABLE_OBJC_ARC = YES;
				CLANG_ENABLE_OBJC_WEAK = YES;
				CLANG_WARN_BLOCK_CAPTURE_AUTORELEASING = YES;
				CLANG_WARN_BOOL_CONVERSION = YES;
				CLANG_WARN_COMMA = YES;
				CLANG_WARN_CONSTANT_CONVERSION = YES;
				CLANG_WARN_DEPRECATED_OBJC_IMPLEMENTATIONS = YES;
				CLANG_WARN_DIRECT_OBJC_ISA_USAGE = YES_ERROR;
				CLANG_WARN_DOCUMENTATION_COMMENTS = YES;
				CLANG_WARN_EMPTY_BODY = YES;
				CLANG_WARN_ENUM_CONVERSION = YES;
				CLANG_WARN_INFINITE_RECURSION = YES;
				CLANG_WARN_INT_CONVERSION = YES;
				CLANG_WARN_NON_LITERAL_NULL_CONVERSION = YES;
				CLANG_WARN_OBJC_IMPLICIT_RETAIN_SELF = YES;
				CLANG_WARN_OBJC_LITERAL_CONVERSION = YES;
				CLANG_WARN_OBJC_ROOT_CLASS = YES_ERROR;
				CLANG_WARN_RANGE_LOOP_ANALYSIS = YES;
				CLANG_WARN_STRICT_PROTOTYPES = YES;
				CLANG_WARN_SUSPICIOUS_MOVE = YES;
				CLANG_WARN_UNGUARDED_AVAILABILITY = YES_AGGRESSIVE;
				CLANG_WARN_UNREACHABLE_CODE = YES;
				CLANG_WARN__DUPLICATE_METHOD_MATCH = YES;
				COPY_PHASE_STRIP = NO;
				DEBUG_INFORMATION_FORMAT = dwarf;
				ENABLE_STRICT_OBJC_MSGSEND = YES;
				ENABLE_TESTABILITY = YES;
				GCC_C_LANGUAGE_STANDARD = gnu11;
				GCC_DYNAMIC_NO_PIC = NO;
				GCC_NO_COMMON_BLOCKS = YES;
				GCC_OPTIMIZATION_LEVEL = 0;
				GCC_PREPROCESSOR_DEFINITIONS = (
					"DEBUG=1",
					"$(inherited)",
				);
				GCC_WARN_64_TO_32_BIT_CONVERSION = YES;
				GCC_WARN_ABOUT_RETURN_TYPE = YES_ERROR;
				GCC_WARN_UNDECLARED_SELECTOR = YES;
				GCC_WARN_UNINITIALIZED_AUTOS = YES_AGGRESSIVE;
				GCC_WARN_UNUSED_FUNCTION = YES;
				GCC_WARN_UNUSED_VARIABLE = YES;
				IPHONEOS_DEPLOYMENT_TARGET = 13.0;
				MTL_ENABLE_DEBUG_INFO = INCLUDE_SOURCE;
				MTL_FAST_MATH = YES;
				ONLY_ACTIVE_ARCH = YES;
				SDKROOT = iphoneos;
				SWIFT_ACTIVE_COMPILATION_CONDITIONS = DEBUG;
				SWIFT_OPTIMIZATION_LEVEL = "-Onone";
			};
			name = Debug;
		};
		1BDD87932339020900F1265A /* Release */ = {
			isa = XCBuildConfiguration;
			buildSettings = {
				ALWAYS_SEARCH_USER_PATHS = NO;
				CLANG_ANALYZER_NONNULL = YES;
				CLANG_ANALYZER_NUMBER_OBJECT_CONVERSION = YES_AGGRESSIVE;
				CLANG_CXX_LANGUAGE_STANDARD = "gnu++14";
				CLANG_CXX_LIBRARY = "libc++";
				CLANG_ENABLE_MODULES = YES;
				CLANG_ENABLE_OBJC_ARC = YES;
				CLANG_ENABLE_OBJC_WEAK = YES;
				CLANG_WARN_BLOCK_CAPTURE_AUTORELEASING = YES;
				CLANG_WARN_BOOL_CONVERSION = YES;
				CLANG_WARN_COMMA = YES;
				CLANG_WARN_CONSTANT_CONVERSION = YES;
				CLANG_WARN_DEPRECATED_OBJC_IMPLEMENTATIONS = YES;
				CLANG_WARN_DIRECT_OBJC_ISA_USAGE = YES_ERROR;
				CLANG_WARN_DOCUMENTATION_COMMENTS = YES;
				CLANG_WARN_EMPTY_BODY = YES;
				CLANG_WARN_ENUM_CONVERSION = YES;
				CLANG_WARN_INFINITE_RECURSION = YES;
				CLANG_WARN_INT_CONVERSION = YES;
				CLANG_WARN_NON_LITERAL_NULL_CONVERSION = YES;
				CLANG_WARN_OBJC_IMPLICIT_RETAIN_SELF = YES;
				CLANG_WARN_OBJC_LITERAL_CONVERSION = YES;
				CLANG_WARN_OBJC_ROOT_CLASS = YES_ERROR;
				CLANG_WARN_RANGE_LOOP_ANALYSIS = YES;
				CLANG_WARN_STRICT_PROTOTYPES = YES;
				CLANG_WARN_SUSPICIOUS_MOVE = YES;
				CLANG_WARN_UNGUARDED_AVAILABILITY = YES_AGGRESSIVE;
				CLANG_WARN_UNREACHABLE_CODE = YES;
				CLANG_WARN__DUPLICATE_METHOD_MATCH = YES;
				COPY_PHASE_STRIP = NO;
				DEBUG_INFORMATION_FORMAT = "dwarf-with-dsym";
				ENABLE_NS_ASSERTIONS = NO;
				ENABLE_STRICT_OBJC_MSGSEND = YES;
				GCC_C_LANGUAGE_STANDARD = gnu11;
				GCC_NO_COMMON_BLOCKS = YES;
				GCC_WARN_64_TO_32_BIT_CONVERSION = YES;
				GCC_WARN_ABOUT_RETURN_TYPE = YES_ERROR;
				GCC_WARN_UNDECLARED_SELECTOR = YES;
				GCC_WARN_UNINITIALIZED_AUTOS = YES_AGGRESSIVE;
				GCC_WARN_UNUSED_FUNCTION = YES;
				GCC_WARN_UNUSED_VARIABLE = YES;
				IPHONEOS_DEPLOYMENT_TARGET = 13.0;
				MTL_ENABLE_DEBUG_INFO = NO;
				MTL_FAST_MATH = YES;
				SDKROOT = iphoneos;
				SWIFT_COMPILATION_MODE = wholemodule;
				SWIFT_OPTIMIZATION_LEVEL = "-O";
				VALIDATE_PRODUCT = YES;
			};
			name = Release;
		};
		1BDD87952339020900F1265A /* Debug */ = {
			isa = XCBuildConfiguration;
			buildSettings = {
				ASSETCATALOG_COMPILER_APPICON_NAME = AppIcon;
				CODE_SIGN_STYLE = Automatic;
				DEVELOPMENT_ASSET_PATHS = "\"ProjectX/Preview Content\"";
				ENABLE_PREVIEWS = YES;
				INFOPLIST_FILE = ProjectX/Info.plist;
				LD_RUNPATH_SEARCH_PATHS = (
					"$(inherited)",
					"@executable_path/Frameworks",
				);
				PRODUCT_BUNDLE_IDENTIFIER = com.pointwelve.ProjectX;
				PRODUCT_NAME = "$(TARGET_NAME)";
				SWIFT_VERSION = 5.0;
				TARGETED_DEVICE_FAMILY = "1,2";
			};
			name = Debug;
		};
		1BDD87962339020900F1265A /* Release */ = {
			isa = XCBuildConfiguration;
			buildSettings = {
				ASSETCATALOG_COMPILER_APPICON_NAME = AppIcon;
				CODE_SIGN_STYLE = Automatic;
				DEVELOPMENT_ASSET_PATHS = "\"ProjectX/Preview Content\"";
				ENABLE_PREVIEWS = YES;
				INFOPLIST_FILE = ProjectX/Info.plist;
				LD_RUNPATH_SEARCH_PATHS = (
					"$(inherited)",
					"@executable_path/Frameworks",
				);
				PRODUCT_BUNDLE_IDENTIFIER = com.pointwelve.ProjectX;
				PRODUCT_NAME = "$(TARGET_NAME)";
				SWIFT_VERSION = 5.0;
				TARGETED_DEVICE_FAMILY = "1,2";
			};
			name = Release;
		};
		1BDD87982339020900F1265A /* Debug */ = {
			isa = XCBuildConfiguration;
			buildSettings = {
				ALWAYS_EMBED_SWIFT_STANDARD_LIBRARIES = YES;
				BUNDLE_LOADER = "$(TEST_HOST)";
				CODE_SIGN_STYLE = Automatic;
				INFOPLIST_FILE = ProjectXTests/Info.plist;
				IPHONEOS_DEPLOYMENT_TARGET = 13.0;
				LD_RUNPATH_SEARCH_PATHS = (
					"$(inherited)",
					"@executable_path/Frameworks",
					"@loader_path/Frameworks",
				);
				PRODUCT_BUNDLE_IDENTIFIER = com.pointwelve.ProjectXTests;
				PRODUCT_NAME = "$(TARGET_NAME)";
				SWIFT_VERSION = 5.0;
				TARGETED_DEVICE_FAMILY = "1,2";
				TEST_HOST = "$(BUILT_PRODUCTS_DIR)/ProjectX.app/ProjectX";
			};
			name = Debug;
		};
		1BDD87992339020900F1265A /* Release */ = {
			isa = XCBuildConfiguration;
			buildSettings = {
				ALWAYS_EMBED_SWIFT_STANDARD_LIBRARIES = YES;
				BUNDLE_LOADER = "$(TEST_HOST)";
				CODE_SIGN_STYLE = Automatic;
				INFOPLIST_FILE = ProjectXTests/Info.plist;
				IPHONEOS_DEPLOYMENT_TARGET = 13.0;
				LD_RUNPATH_SEARCH_PATHS = (
					"$(inherited)",
					"@executable_path/Frameworks",
					"@loader_path/Frameworks",
				);
				PRODUCT_BUNDLE_IDENTIFIER = com.pointwelve.ProjectXTests;
				PRODUCT_NAME = "$(TARGET_NAME)";
				SWIFT_VERSION = 5.0;
				TARGETED_DEVICE_FAMILY = "1,2";
				TEST_HOST = "$(BUILT_PRODUCTS_DIR)/ProjectX.app/ProjectX";
			};
			name = Release;
		};
		1BDD879B2339020900F1265A /* Debug */ = {
			isa = XCBuildConfiguration;
			buildSettings = {
				ALWAYS_EMBED_SWIFT_STANDARD_LIBRARIES = YES;
				CODE_SIGN_STYLE = Automatic;
				INFOPLIST_FILE = ProjectXUITests/Info.plist;
				LD_RUNPATH_SEARCH_PATHS = (
					"$(inherited)",
					"@executable_path/Frameworks",
					"@loader_path/Frameworks",
				);
				PRODUCT_BUNDLE_IDENTIFIER = com.pointwelve.ProjectXUITests;
				PRODUCT_NAME = "$(TARGET_NAME)";
				SWIFT_VERSION = 5.0;
				TARGETED_DEVICE_FAMILY = "1,2";
				TEST_TARGET_NAME = ProjectX;
			};
			name = Debug;
		};
		1BDD879C2339020900F1265A /* Release */ = {
			isa = XCBuildConfiguration;
			buildSettings = {
				ALWAYS_EMBED_SWIFT_STANDARD_LIBRARIES = YES;
				CODE_SIGN_STYLE = Automatic;
				INFOPLIST_FILE = ProjectXUITests/Info.plist;
				LD_RUNPATH_SEARCH_PATHS = (
					"$(inherited)",
					"@executable_path/Frameworks",
					"@loader_path/Frameworks",
				);
				PRODUCT_BUNDLE_IDENTIFIER = com.pointwelve.ProjectXUITests;
				PRODUCT_NAME = "$(TARGET_NAME)";
				SWIFT_VERSION = 5.0;
				TARGETED_DEVICE_FAMILY = "1,2";
				TEST_TARGET_NAME = ProjectX;
			};
			name = Release;
		};
/* End XCBuildConfiguration section */

/* Begin XCConfigurationList section */
		1BDD87652339020800F1265A /* Build configuration list for PBXProject "ProjectX" */ = {
			isa = XCConfigurationList;
			buildConfigurations = (
				1BDD87922339020900F1265A /* Debug */,
				1BDD87932339020900F1265A /* Release */,
			);
			defaultConfigurationIsVisible = 0;
			defaultConfigurationName = Release;
		};
		1BDD87942339020900F1265A /* Build configuration list for PBXNativeTarget "ProjectX" */ = {
			isa = XCConfigurationList;
			buildConfigurations = (
				1BDD87952339020900F1265A /* Debug */,
				1BDD87962339020900F1265A /* Release */,
			);
			defaultConfigurationIsVisible = 0;
			defaultConfigurationName = Release;
		};
		1BDD87972339020900F1265A /* Build configuration list for PBXNativeTarget "ProjectXTests" */ = {
			isa = XCConfigurationList;
			buildConfigurations = (
				1BDD87982339020900F1265A /* Debug */,
				1BDD87992339020900F1265A /* Release */,
			);
			defaultConfigurationIsVisible = 0;
			defaultConfigurationName = Release;
		};
		1BDD879A2339020900F1265A /* Build configuration list for PBXNativeTarget "ProjectXUITests" */ = {
			isa = XCConfigurationList;
			buildConfigurations = (
				1BDD879B2339020900F1265A /* Debug */,
				1BDD879C2339020900F1265A /* Release */,
			);
			defaultConfigurationIsVisible = 0;
			defaultConfigurationName = Release;
		};
/* End XCConfigurationList section */
	};
	rootObject = 1BDD87622339020800F1265A /* Project object */;
}
